
Microsoft Visual Studio Solution File, Format Version 12.00
# Visual Studio 15
VisualStudioVersion = 15.0.27703.2035
MinimumVisualStudioVersion = 10.0.40219.1
Project("{FAE04EC0-301F-11D3-BF4B-00C04F79EFBC}") = "Spectrum-Menu-Plugin", "Spectrum-Menu-Plugin\Spectrum-Menu-Plugin.csproj", "{C18ED8D7-5579-4C3B-8A60-6C673E7BECA3}"
EndProject
Global
	GlobalSection(SolutionConfigurationPlatforms) = preSolution
		Debug|Any CPU = Debug|Any CPU
		Release|Any CPU = Release|Any CPU
	EndGlobalSection
	GlobalSection(ProjectConfigurationPlatforms) = postSolution
		{C18ED8D7-5579-4C3B-8A60-6C673E7BECA3}.Debug|Any CPU.ActiveCfg = Debug|Any CPU
		{C18ED8D7-5579-4C3B-8A60-6C673E7BECA3}.Debug|Any CPU.Build.0 = Debug|Any CPU
		{C18ED8D7-5579-4C3B-8A60-6C673E7BECA3}.Release|Any CPU.ActiveCfg = Release|Any CPU
		{C18ED8D7-5579-4C3B-8A60-6C673E7BECA3}.Release|Any CPU.Build.0 = Release|Any CPU
	EndGlobalSection
	GlobalSection(SolutionProperties) = preSolution
		HideSolutionNode = FALSE
	EndGlobalSection
	GlobalSection(ExtensibilityGlobals) = postSolution
		SolutionGuid = {B6FA49B9-A211-48D2-9FFD-342B236AC1DF}
	EndGlobalSection
EndGlobal
